// !$*UTF8*$!
{
	archiveVersion = 1;
	classes = {
	};
	objectVersion = 46;
	objects = {

/* Begin PBXBuildFile section */
		08C7539D2F1F741FC618DC71 /* Pods_RSATests.framework in Frameworks */ = {isa = PBXBuildFile; fileRef = F503F2B7369D4BC03F2D197C /* Pods_RSATests.framework */; };
		A266EEE21F40A42E00B715CF /* Number.swift in Sources */ = {isa = PBXBuildFile; fileRef = A266EEE11F40A42E00B715CF /* Number.swift */; };
		A266EEE61F44AAB600B715CF /* BigInt+RSA.swift in Sources */ = {isa = PBXBuildFile; fileRef = A266EEE51F44AAB600B715CF /* BigInt+RSA.swift */; };
		A2ABFB071EDEEAE800BF4B34 /* AppDelegate.swift in Sources */ = {isa = PBXBuildFile; fileRef = A2ABFB061EDEEAE800BF4B34 /* AppDelegate.swift */; };
		A2ABFB091EDEEAE800BF4B34 /* ViewController.swift in Sources */ = {isa = PBXBuildFile; fileRef = A2ABFB081EDEEAE800BF4B34 /* ViewController.swift */; };
		A2ABFB0C1EDEEAE800BF4B34 /* Main.storyboard in Resources */ = {isa = PBXBuildFile; fileRef = A2ABFB0A1EDEEAE800BF4B34 /* Main.storyboard */; };
		A2ABFB0E1EDEEAE800BF4B34 /* Assets.xcassets in Resources */ = {isa = PBXBuildFile; fileRef = A2ABFB0D1EDEEAE800BF4B34 /* Assets.xcassets */; };
		A2ABFB111EDEEAE800BF4B34 /* LaunchScreen.storyboard in Resources */ = {isa = PBXBuildFile; fileRef = A2ABFB0F1EDEEAE800BF4B34 /* LaunchScreen.storyboard */; };
		A2ABFB1C1EDEEAE900BF4B34 /* RSATests.swift in Sources */ = {isa = PBXBuildFile; fileRef = A2ABFB1B1EDEEAE900BF4B34 /* RSATests.swift */; };
		A2ABFB291EDEEB3800BF4B34 /* NSData+SHA.m in Sources */ = {isa = PBXBuildFile; fileRef = A2ABFB281EDEEB3800BF4B34 /* NSData+SHA.m */; };
		A2ABFB2B1EDEEE6D00BF4B34 /* RFC3447.swift in Sources */ = {isa = PBXBuildFile; fileRef = A2ABFB2A1EDEEE6D00BF4B34 /* RFC3447.swift */; };
		A2ABFB2D1EDEF34200BF4B34 /* SHA.swift in Sources */ = {isa = PBXBuildFile; fileRef = A2ABFB2C1EDEF34200BF4B34 /* SHA.swift */; };
		A2ABFB2F1EE17F8C00BF4B34 /* PBHex.swift in Sources */ = {isa = PBXBuildFile; fileRef = A2ABFB2E1EE17F8B00BF4B34 /* PBHex.swift */; };
		A2ABFB551EE2DE5900BF4B34 /* RSAKey.swift in Sources */ = {isa = PBXBuildFile; fileRef = A2ABFB541EE2DE5900BF4B34 /* RSAKey.swift */; };
		A2ABFB571EE2DF2A00BF4B34 /* SwiftyRSAError.swift in Sources */ = {isa = PBXBuildFile; fileRef = A2ABFB561EE2DF2A00BF4B34 /* SwiftyRSAError.swift */; };
		A2ABFB591EE2E0EB00BF4B34 /* SwiftyRSA.swift in Sources */ = {isa = PBXBuildFile; fileRef = A2ABFB581EE2E0EB00BF4B34 /* SwiftyRSA.swift */; };
		A2ABFB5B1EE2E35F00BF4B34 /* Asn1Parser.swift in Sources */ = {isa = PBXBuildFile; fileRef = A2ABFB5A1EE2E35F00BF4B34 /* Asn1Parser.swift */; };
		A2ABFB5D1EE2E68400BF4B34 /* ClearMessage.swift in Sources */ = {isa = PBXBuildFile; fileRef = A2ABFB5C1EE2E68400BF4B34 /* ClearMessage.swift */; };
		A2ABFB5F1EE2E6E800BF4B34 /* Message.swift in Sources */ = {isa = PBXBuildFile; fileRef = A2ABFB5E1EE2E6E800BF4B34 /* Message.swift */; };
		A2ABFB611EE2E75100BF4B34 /* PrivateRSAKey.swift in Sources */ = {isa = PBXBuildFile; fileRef = A2ABFB601EE2E75100BF4B34 /* PrivateRSAKey.swift */; };
		A2ABFB631EE2E76B00BF4B34 /* PublicRSAKey.swift in Sources */ = {isa = PBXBuildFile; fileRef = A2ABFB621EE2E76B00BF4B34 /* PublicRSAKey.swift */; };
		A2ABFB651EE2E79800BF4B34 /* Signature.swift in Sources */ = {isa = PBXBuildFile; fileRef = A2ABFB641EE2E79800BF4B34 /* Signature.swift */; };
		A2ABFB671EE2EE2B00BF4B34 /* EncryptedMessage.swift in Sources */ = {isa = PBXBuildFile; fileRef = A2ABFB661EE2EE2B00BF4B34 /* EncryptedMessage.swift */; };
		A2ABFB6E1EEB5C4500BF4B34 /* encrypted_msg.bin in Resources */ = {isa = PBXBuildFile; fileRef = A2ABFB681EEB5AD000BF4B34 /* encrypted_msg.bin */; };
		A2ABFB6F1EEB5C4800BF4B34 /* private-key.pem in Resources */ = {isa = PBXBuildFile; fileRef = A2ABFB691EEB5AD000BF4B34 /* private-key.pem */; };
		A2ABFB701EEB5C4B00BF4B34 /* public-key.pem in Resources */ = {isa = PBXBuildFile; fileRef = A2ABFB6A1EEB5AD000BF4B34 /* public-key.pem */; };
		A2DAD2771EFDDD9200F68AD0 /* Security.framework in Frameworks */ = {isa = PBXBuildFile; fileRef = A2DAD2761EFDDD9200F68AD0 /* Security.framework */; };
		E4F22D5E317FC4E0B4D9AEC1 /* Pods_RSA.framework in Frameworks */ = {isa = PBXBuildFile; fileRef = 44400821CB63E28173FA1037 /* Pods_RSA.framework */; };
/* End PBXBuildFile section */

/* Begin PBXContainerItemProxy section */
		A2ABFB181EDEEAE900BF4B34 /* PBXContainerItemProxy */ = {
			isa = PBXContainerItemProxy;
			containerPortal = A2ABFAFB1EDEEAE800BF4B34 /* Project object */;
			proxyType = 1;
			remoteGlobalIDString = A2ABFB021EDEEAE800BF4B34;
			remoteInfo = RSA;
		};
/* End PBXContainerItemProxy section */

/* Begin PBXCopyFilesBuildPhase section */
		A2ABFB921EEB708800BF4B34 /* Embed Frameworks */ = {
			isa = PBXCopyFilesBuildPhase;
			buildActionMask = 2147483647;
			dstPath = "";
			dstSubfolderSpec = 10;
			files = (
			);
			name = "Embed Frameworks";
			runOnlyForDeploymentPostprocessing = 0;
		};
/* End PBXCopyFilesBuildPhase section */

/* Begin PBXFileReference section */
		180D2387344CC8F9CBD2B3AC /* Pods-RSATests.debug.xcconfig */ = {isa = PBXFileReference; includeInIndex = 1; lastKnownFileType = text.xcconfig; name = "Pods-RSATests.debug.xcconfig"; path = "Pods/Target Support Files/Pods-RSATests/Pods-RSATests.debug.xcconfig"; sourceTree = "<group>"; };
		44400821CB63E28173FA1037 /* Pods_RSA.framework */ = {isa = PBXFileReference; explicitFileType = wrapper.framework; includeInIndex = 0; path = Pods_RSA.framework; sourceTree = BUILT_PRODUCTS_DIR; };
		A266EEE11F40A42E00B715CF /* Number.swift */ = {isa = PBXFileReference; fileEncoding = 4; lastKnownFileType = sourcecode.swift; path = Number.swift; sourceTree = "<group>"; };
		A266EEE51F44AAB600B715CF /* BigInt+RSA.swift */ = {isa = PBXFileReference; fileEncoding = 4; lastKnownFileType = sourcecode.swift; path = "BigInt+RSA.swift"; sourceTree = "<group>"; };
		A2ABFB031EDEEAE800BF4B34 /* RSA.app */ = {isa = PBXFileReference; explicitFileType = wrapper.application; includeInIndex = 0; path = RSA.app; sourceTree = BUILT_PRODUCTS_DIR; };
		A2ABFB061EDEEAE800BF4B34 /* AppDelegate.swift */ = {isa = PBXFileReference; lastKnownFileType = sourcecode.swift; path = AppDelegate.swift; sourceTree = "<group>"; };
		A2ABFB081EDEEAE800BF4B34 /* ViewController.swift */ = {isa = PBXFileReference; lastKnownFileType = sourcecode.swift; path = ViewController.swift; sourceTree = "<group>"; };
		A2ABFB0B1EDEEAE800BF4B34 /* Base */ = {isa = PBXFileReference; lastKnownFileType = file.storyboard; name = Base; path = Base.lproj/Main.storyboard; sourceTree = "<group>"; };
		A2ABFB0D1EDEEAE800BF4B34 /* Assets.xcassets */ = {isa = PBXFileReference; lastKnownFileType = folder.assetcatalog; path = Assets.xcassets; sourceTree = "<group>"; };
		A2ABFB101EDEEAE800BF4B34 /* Base */ = {isa = PBXFileReference; lastKnownFileType = file.storyboard; name = Base; path = Base.lproj/LaunchScreen.storyboard; sourceTree = "<group>"; };
		A2ABFB121EDEEAE800BF4B34 /* Info.plist */ = {isa = PBXFileReference; lastKnownFileType = text.plist.xml; path = Info.plist; sourceTree = "<group>"; };
		A2ABFB171EDEEAE900BF4B34 /* RSATests.xctest */ = {isa = PBXFileReference; explicitFileType = wrapper.cfbundle; includeInIndex = 0; path = RSATests.xctest; sourceTree = BUILT_PRODUCTS_DIR; };
		A2ABFB1B1EDEEAE900BF4B34 /* RSATests.swift */ = {isa = PBXFileReference; lastKnownFileType = sourcecode.swift; path = RSATests.swift; sourceTree = "<group>"; };
		A2ABFB1D1EDEEAE900BF4B34 /* Info.plist */ = {isa = PBXFileReference; lastKnownFileType = text.plist.xml; path = Info.plist; sourceTree = "<group>"; };
		A2ABFB261EDEEB3800BF4B34 /* RSA-Bridging-Header.h */ = {isa = PBXFileReference; lastKnownFileType = sourcecode.c.h; path = "RSA-Bridging-Header.h"; sourceTree = "<group>"; };
		A2ABFB271EDEEB3800BF4B34 /* NSData+SHA.h */ = {isa = PBXFileReference; fileEncoding = 4; lastKnownFileType = sourcecode.c.h; path = "NSData+SHA.h"; sourceTree = "<group>"; };
		A2ABFB281EDEEB3800BF4B34 /* NSData+SHA.m */ = {isa = PBXFileReference; fileEncoding = 4; lastKnownFileType = sourcecode.c.objc; path = "NSData+SHA.m"; sourceTree = "<group>"; };
		A2ABFB2A1EDEEE6D00BF4B34 /* RFC3447.swift */ = {isa = PBXFileReference; fileEncoding = 4; lastKnownFileType = sourcecode.swift; path = RFC3447.swift; sourceTree = "<group>"; };
		A2ABFB2C1EDEF34200BF4B34 /* SHA.swift */ = {isa = PBXFileReference; fileEncoding = 4; lastKnownFileType = sourcecode.swift; path = SHA.swift; sourceTree = "<group>"; };
		A2ABFB2E1EE17F8B00BF4B34 /* PBHex.swift */ = {isa = PBXFileReference; fileEncoding = 4; lastKnownFileType = sourcecode.swift; path = PBHex.swift; sourceTree = "<group>"; };
		A2ABFB541EE2DE5900BF4B34 /* RSAKey.swift */ = {isa = PBXFileReference; fileEncoding = 4; lastKnownFileType = sourcecode.swift; path = RSAKey.swift; sourceTree = "<group>"; };
		A2ABFB561EE2DF2A00BF4B34 /* SwiftyRSAError.swift */ = {isa = PBXFileReference; fileEncoding = 4; lastKnownFileType = sourcecode.swift; path = SwiftyRSAError.swift; sourceTree = "<group>"; };
		A2ABFB581EE2E0EB00BF4B34 /* SwiftyRSA.swift */ = {isa = PBXFileReference; fileEncoding = 4; lastKnownFileType = sourcecode.swift; path = SwiftyRSA.swift; sourceTree = "<group>"; };
		A2ABFB5A1EE2E35F00BF4B34 /* Asn1Parser.swift */ = {isa = PBXFileReference; fileEncoding = 4; lastKnownFileType = sourcecode.swift; path = Asn1Parser.swift; sourceTree = "<group>"; };
		A2ABFB5C1EE2E68400BF4B34 /* ClearMessage.swift */ = {isa = PBXFileReference; fileEncoding = 4; lastKnownFileType = sourcecode.swift; path = ClearMessage.swift; sourceTree = "<group>"; };
		A2ABFB5E1EE2E6E800BF4B34 /* Message.swift */ = {isa = PBXFileReference; fileEncoding = 4; lastKnownFileType = sourcecode.swift; path = Message.swift; sourceTree = "<group>"; };
		A2ABFB601EE2E75100BF4B34 /* PrivateRSAKey.swift */ = {isa = PBXFileReference; fileEncoding = 4; lastKnownFileType = sourcecode.swift; path = PrivateRSAKey.swift; sourceTree = "<group>"; };
		A2ABFB621EE2E76B00BF4B34 /* PublicRSAKey.swift */ = {isa = PBXFileReference; fileEncoding = 4; lastKnownFileType = sourcecode.swift; path = PublicRSAKey.swift; sourceTree = "<group>"; };
		A2ABFB641EE2E79800BF4B34 /* Signature.swift */ = {isa = PBXFileReference; fileEncoding = 4; lastKnownFileType = sourcecode.swift; path = Signature.swift; sourceTree = "<group>"; };
		A2ABFB661EE2EE2B00BF4B34 /* EncryptedMessage.swift */ = {isa = PBXFileReference; fileEncoding = 4; lastKnownFileType = sourcecode.swift; path = EncryptedMessage.swift; sourceTree = "<group>"; };
		A2ABFB681EEB5AD000BF4B34 /* encrypted_msg.bin */ = {isa = PBXFileReference; lastKnownFileType = archive.macbinary; path = encrypted_msg.bin; sourceTree = "<group>"; };
		A2ABFB691EEB5AD000BF4B34 /* private-key.pem */ = {isa = PBXFileReference; fileEncoding = 4; lastKnownFileType = text; path = "private-key.pem"; sourceTree = "<group>"; };
		A2ABFB6A1EEB5AD000BF4B34 /* public-key.pem */ = {isa = PBXFileReference; fileEncoding = 4; lastKnownFileType = text; path = "public-key.pem"; sourceTree = "<group>"; };
		A2ABFB7E1EEB708700BF4B34 /* RSAmacOS.h */ = {isa = PBXFileReference; lastKnownFileType = sourcecode.c.h; path = RSAmacOS.h; sourceTree = "<group>"; };
		A2ABFB7F1EEB708700BF4B34 /* Info.plist */ = {isa = PBXFileReference; lastKnownFileType = text.plist.xml; path = Info.plist; sourceTree = "<group>"; };
		A2ABFB8B1EEB708800BF4B34 /* RSAmacOSTests.swift */ = {isa = PBXFileReference; lastKnownFileType = sourcecode.swift; path = RSAmacOSTests.swift; sourceTree = "<group>"; };
		A2ABFB8D1EEB708800BF4B34 /* Info.plist */ = {isa = PBXFileReference; lastKnownFileType = text.plist.xml; path = Info.plist; sourceTree = "<group>"; };
		A2DAD2761EFDDD9200F68AD0 /* Security.framework */ = {isa = PBXFileReference; lastKnownFileType = wrapper.framework; name = Security.framework; path = System/Library/Frameworks/Security.framework; sourceTree = SDKROOT; };
		B6A051541FF109702F5307D9 /* Pods-RSA.debug.xcconfig */ = {isa = PBXFileReference; includeInIndex = 1; lastKnownFileType = text.xcconfig; name = "Pods-RSA.debug.xcconfig"; path = "Pods/Target Support Files/Pods-RSA/Pods-RSA.debug.xcconfig"; sourceTree = "<group>"; };
		DCC40B0744A0488EF8F972FD /* Pods-RSATests.release.xcconfig */ = {isa = PBXFileReference; includeInIndex = 1; lastKnownFileType = text.xcconfig; name = "Pods-RSATests.release.xcconfig"; path = "Pods/Target Support Files/Pods-RSATests/Pods-RSATests.release.xcconfig"; sourceTree = "<group>"; };
		F503F2B7369D4BC03F2D197C /* Pods_RSATests.framework */ = {isa = PBXFileReference; explicitFileType = wrapper.framework; includeInIndex = 0; path = Pods_RSATests.framework; sourceTree = BUILT_PRODUCTS_DIR; };
		FF1AB1C1B24142BE8306CD6B /* Pods-RSA.release.xcconfig */ = {isa = PBXFileReference; includeInIndex = 1; lastKnownFileType = text.xcconfig; name = "Pods-RSA.release.xcconfig"; path = "Pods/Target Support Files/Pods-RSA/Pods-RSA.release.xcconfig"; sourceTree = "<group>"; };
/* End PBXFileReference section */

/* Begin PBXFrameworksBuildPhase section */
		A2ABFB001EDEEAE800BF4B34 /* Frameworks */ = {
			isa = PBXFrameworksBuildPhase;
			buildActionMask = 2147483647;
			files = (
				A2DAD2771EFDDD9200F68AD0 /* Security.framework in Frameworks */,
				E4F22D5E317FC4E0B4D9AEC1 /* Pods_RSA.framework in Frameworks */,
			);
			runOnlyForDeploymentPostprocessing = 0;
		};
		A2ABFB141EDEEAE900BF4B34 /* Frameworks */ = {
			isa = PBXFrameworksBuildPhase;
			buildActionMask = 2147483647;
			files = (
				08C7539D2F1F741FC618DC71 /* Pods_RSATests.framework in Frameworks */,
			);
			runOnlyForDeploymentPostprocessing = 0;
		};
/* End PBXFrameworksBuildPhase section */

/* Begin PBXGroup section */
		306761547F16CE7196AD0193 /* Pods */ = {
			isa = PBXGroup;
			children = (
				B6A051541FF109702F5307D9 /* Pods-RSA.debug.xcconfig */,
				FF1AB1C1B24142BE8306CD6B /* Pods-RSA.release.xcconfig */,
				180D2387344CC8F9CBD2B3AC /* Pods-RSATests.debug.xcconfig */,
				DCC40B0744A0488EF8F972FD /* Pods-RSATests.release.xcconfig */,
			);
			name = Pods;
			sourceTree = "<group>";
		};
		A2ABFAFA1EDEEAE800BF4B34 = {
			isa = PBXGroup;
			children = (
				A2ABFB051EDEEAE800BF4B34 /* RSA */,
				A2ABFB1A1EDEEAE900BF4B34 /* RSATests */,
				A2ABFB7D1EEB708700BF4B34 /* RSAmacOS */,
				A2ABFB8A1EEB708800BF4B34 /* RSAmacOSTests */,
				A2ABFB041EDEEAE800BF4B34 /* Products */,
				A2ABFB331EE2814900BF4B34 /* Frameworks */,
				306761547F16CE7196AD0193 /* Pods */,
			);
			sourceTree = "<group>";
		};
		A2ABFB041EDEEAE800BF4B34 /* Products */ = {
			isa = PBXGroup;
			children = (
				A2ABFB031EDEEAE800BF4B34 /* RSA.app */,
				A2ABFB171EDEEAE900BF4B34 /* RSATests.xctest */,
			);
			name = Products;
			sourceTree = "<group>";
		};
		A2ABFB051EDEEAE800BF4B34 /* RSA */ = {
			isa = PBXGroup;
			children = (
				A2ABFB761EEB6BF600BF4B34 /* key */,
				A2ABFB061EDEEAE800BF4B34 /* AppDelegate.swift */,
				A2ABFB5A1EE2E35F00BF4B34 /* Asn1Parser.swift */,
				A2ABFB0D1EDEEAE800BF4B34 /* Assets.xcassets */,
				A2ABFB5C1EE2E68400BF4B34 /* ClearMessage.swift */,
				A2ABFB2A1EDEEE6D00BF4B34 /* RFC3447.swift */,
				A2ABFB661EE2EE2B00BF4B34 /* EncryptedMessage.swift */,
				A2ABFB121EDEEAE800BF4B34 /* Info.plist */,
				A2ABFB541EE2DE5900BF4B34 /* RSAKey.swift */,
				A2ABFB0F1EDEEAE800BF4B34 /* LaunchScreen.storyboard */,
				A2ABFB0A1EDEEAE800BF4B34 /* Main.storyboard */,
				A2ABFB5E1EE2E6E800BF4B34 /* Message.swift */,
				A2ABFB271EDEEB3800BF4B34 /* NSData+SHA.h */,
				A2ABFB281EDEEB3800BF4B34 /* NSData+SHA.m */,
				A2ABFB2E1EE17F8B00BF4B34 /* PBHex.swift */,
				A2ABFB601EE2E75100BF4B34 /* PrivateRSAKey.swift */,
				A2ABFB621EE2E76B00BF4B34 /* PublicRSAKey.swift */,
				A2ABFB261EDEEB3800BF4B34 /* RSA-Bridging-Header.h */,
				A2ABFB2C1EDEF34200BF4B34 /* SHA.swift */,
				A2ABFB641EE2E79800BF4B34 /* Signature.swift */,
				A2ABFB581EE2E0EB00BF4B34 /* SwiftyRSA.swift */,
				A2ABFB561EE2DF2A00BF4B34 /* SwiftyRSAError.swift */,
				A2ABFB081EDEEAE800BF4B34 /* ViewController.swift */,
				A266EEE51F44AAB600B715CF /* BigInt+RSA.swift */,
				A266EEE11F40A42E00B715CF /* Number.swift */,
			);
			path = RSA;
			sourceTree = "<group>";
		};
		A2ABFB1A1EDEEAE900BF4B34 /* RSATests */ = {
			isa = PBXGroup;
			children = (
				A2ABFB1B1EDEEAE900BF4B34 /* RSATests.swift */,
				A2ABFB1D1EDEEAE900BF4B34 /* Info.plist */,
			);
			path = RSATests;
			sourceTree = "<group>";
		};
		A2ABFB331EE2814900BF4B34 /* Frameworks */ = {
			isa = PBXGroup;
			children = (
				A2DAD2761EFDDD9200F68AD0 /* Security.framework */,
				44400821CB63E28173FA1037 /* Pods_RSA.framework */,
				F503F2B7369D4BC03F2D197C /* Pods_RSATests.framework */,
			);
			name = Frameworks;
			sourceTree = "<group>";
		};
		A2ABFB761EEB6BF600BF4B34 /* key */ = {
			isa = PBXGroup;
			children = (
				A2ABFB681EEB5AD000BF4B34 /* encrypted_msg.bin */,
				A2ABFB691EEB5AD000BF4B34 /* private-key.pem */,
				A2ABFB6A1EEB5AD000BF4B34 /* public-key.pem */,
			);
			name = key;
			sourceTree = "<group>";
		};
		A2ABFB7D1EEB708700BF4B34 /* RSAmacOS */ = {
			isa = PBXGroup;
			children = (
				A2ABFB7E1EEB708700BF4B34 /* RSAmacOS.h */,
				A2ABFB7F1EEB708700BF4B34 /* Info.plist */,
			);
			path = RSAmacOS;
			sourceTree = "<group>";
		};
		A2ABFB8A1EEB708800BF4B34 /* RSAmacOSTests */ = {
			isa = PBXGroup;
			children = (
				A2ABFB8B1EEB708800BF4B34 /* RSAmacOSTests.swift */,
				A2ABFB8D1EEB708800BF4B34 /* Info.plist */,
			);
			path = RSAmacOSTests;
			sourceTree = "<group>";
		};
/* End PBXGroup section */

/* Begin PBXNativeTarget section */
		A2ABFB021EDEEAE800BF4B34 /* RSA */ = {
			isa = PBXNativeTarget;
			buildConfigurationList = A2ABFB201EDEEAE900BF4B34 /* Build configuration list for PBXNativeTarget "RSA" */;
			buildPhases = (
				9E6FAD2BEAFC8B406C624D47 /* [CP] Check Pods Manifest.lock */,
				A2ABFAFF1EDEEAE800BF4B34 /* Sources */,
				A2ABFB001EDEEAE800BF4B34 /* Frameworks */,
				A2ABFB011EDEEAE800BF4B34 /* Resources */,
				30ACF2D14EC958AFB41EB1DE /* [CP] Embed Pods Frameworks */,
				2A1B331B666D06250B4AE2C0 /* [CP] Copy Pods Resources */,
				A2ABFB921EEB708800BF4B34 /* Embed Frameworks */,
			);
			buildRules = (
			);
			dependencies = (
			);
			name = RSA;
			productName = RSA;
			productReference = A2ABFB031EDEEAE800BF4B34 /* RSA.app */;
			productType = "com.apple.product-type.application";
		};
		A2ABFB161EDEEAE900BF4B34 /* RSATests */ = {
			isa = PBXNativeTarget;
			buildConfigurationList = A2ABFB231EDEEAE900BF4B34 /* Build configuration list for PBXNativeTarget "RSATests" */;
			buildPhases = (
				2B6D3BD294B87EEB692BB99C /* [CP] Check Pods Manifest.lock */,
				A2ABFB131EDEEAE900BF4B34 /* Sources */,
				A2ABFB141EDEEAE900BF4B34 /* Frameworks */,
				A2ABFB151EDEEAE900BF4B34 /* Resources */,
				3716B5A989A7D7C707BCBFB3 /* [CP] Embed Pods Frameworks */,
				90A07ABBEDCBE4D5D5E96348 /* [CP] Copy Pods Resources */,
			);
			buildRules = (
			);
			dependencies = (
				A2ABFB191EDEEAE900BF4B34 /* PBXTargetDependency */,
			);
			name = RSATests;
			productName = RSATests;
			productReference = A2ABFB171EDEEAE900BF4B34 /* RSATests.xctest */;
			productType = "com.apple.product-type.bundle.unit-test";
		};
/* End PBXNativeTarget section */

/* Begin PBXProject section */
		A2ABFAFB1EDEEAE800BF4B34 /* Project object */ = {
			isa = PBXProject;
			attributes = {
				LastSwiftUpdateCheck = 0830;
				LastUpgradeCheck = 0900;
				ORGANIZATIONNAME = pebble8888;
				TargetAttributes = {
					A2ABFB021EDEEAE800BF4B34 = {
						CreatedOnToolsVersion = 8.3.2;
						DevelopmentTeam = WAXDS76BRK;
						LastSwiftMigration = 0830;
						ProvisioningStyle = Automatic;
					};
					A2ABFB161EDEEAE900BF4B34 = {
						CreatedOnToolsVersion = 8.3.2;
						ProvisioningStyle = Automatic;
						TestTargetID = A2ABFB021EDEEAE800BF4B34;
					};
				};
			};
			buildConfigurationList = A2ABFAFE1EDEEAE800BF4B34 /* Build configuration list for PBXProject "RSA" */;
			compatibilityVersion = "Xcode 3.2";
			developmentRegion = English;
			hasScannedForEncodings = 0;
			knownRegions = (
				en,
				Base,
			);
			mainGroup = A2ABFAFA1EDEEAE800BF4B34;
			productRefGroup = A2ABFB041EDEEAE800BF4B34 /* Products */;
			projectDirPath = "";
			projectRoot = "";
			targets = (
				A2ABFB021EDEEAE800BF4B34 /* RSA */,
				A2ABFB161EDEEAE900BF4B34 /* RSATests */,
			);
		};
/* End PBXProject section */

/* Begin PBXResourcesBuildPhase section */
		A2ABFB011EDEEAE800BF4B34 /* Resources */ = {
			isa = PBXResourcesBuildPhase;
			buildActionMask = 2147483647;
			files = (
				A2ABFB111EDEEAE800BF4B34 /* LaunchScreen.storyboard in Resources */,
				A2ABFB0E1EDEEAE800BF4B34 /* Assets.xcassets in Resources */,
				A2ABFB0C1EDEEAE800BF4B34 /* Main.storyboard in Resources */,
			);
			runOnlyForDeploymentPostprocessing = 0;
		};
		A2ABFB151EDEEAE900BF4B34 /* Resources */ = {
			isa = PBXResourcesBuildPhase;
			buildActionMask = 2147483647;
			files = (
				A2ABFB6F1EEB5C4800BF4B34 /* private-key.pem in Resources */,
				A2ABFB701EEB5C4B00BF4B34 /* public-key.pem in Resources */,
				A2ABFB6E1EEB5C4500BF4B34 /* encrypted_msg.bin in Resources */,
			);
			runOnlyForDeploymentPostprocessing = 0;
		};
/* End PBXResourcesBuildPhase section */

/* Begin PBXShellScriptBuildPhase section */
		2A1B331B666D06250B4AE2C0 /* [CP] Copy Pods Resources */ = {
			isa = PBXShellScriptBuildPhase;
			buildActionMask = 2147483647;
			files = (
			);
			inputPaths = (
			);
			name = "[CP] Copy Pods Resources";
			outputPaths = (
			);
			runOnlyForDeploymentPostprocessing = 0;
			shellPath = /bin/sh;
			shellScript = "\"${SRCROOT}/Pods/Target Support Files/Pods-RSA/Pods-RSA-resources.sh\"\n";
			showEnvVarsInLog = 0;
		};
		2B6D3BD294B87EEB692BB99C /* [CP] Check Pods Manifest.lock */ = {
			isa = PBXShellScriptBuildPhase;
			buildActionMask = 2147483647;
			files = (
			);
			inputPaths = (
				"${PODS_PODFILE_DIR_PATH}/Podfile.lock",
				"${PODS_ROOT}/Manifest.lock",
			);
			name = "[CP] Check Pods Manifest.lock";
			outputPaths = (
				"$(DERIVED_FILE_DIR)/Pods-RSATests-checkManifestLockResult.txt",
			);
			runOnlyForDeploymentPostprocessing = 0;
			shellPath = /bin/sh;
			shellScript = "diff \"${PODS_PODFILE_DIR_PATH}/Podfile.lock\" \"${PODS_ROOT}/Manifest.lock\" > /dev/null\nif [ $? != 0 ] ; then\n    # print error to STDERR\n    echo \"error: The sandbox is not in sync with the Podfile.lock. Run 'pod install' or update your CocoaPods installation.\" >&2\n    exit 1\nfi\n# This output is used by Xcode 'outputs' to avoid re-running this script phase.\necho \"SUCCESS\" > \"${SCRIPT_OUTPUT_FILE_0}\"\n";
			showEnvVarsInLog = 0;
		};
		30ACF2D14EC958AFB41EB1DE /* [CP] Embed Pods Frameworks */ = {
			isa = PBXShellScriptBuildPhase;
			buildActionMask = 2147483647;
			files = (
			);
			inputPaths = (
				"${SRCROOT}/Pods/Target Support Files/Pods-RSA/Pods-RSA-frameworks.sh",
				"${BUILT_PRODUCTS_DIR}/BigInt/BigInt.framework",
				"${BUILT_PRODUCTS_DIR}/SipHash/SipHash.framework",
			);
			name = "[CP] Embed Pods Frameworks";
			outputPaths = (
				"${TARGET_BUILD_DIR}/${FRAMEWORKS_FOLDER_PATH}/BigInt.framework",
				"${TARGET_BUILD_DIR}/${FRAMEWORKS_FOLDER_PATH}/SipHash.framework",
			);
			runOnlyForDeploymentPostprocessing = 0;
			shellPath = /bin/sh;
			shellScript = "\"${SRCROOT}/Pods/Target Support Files/Pods-RSA/Pods-RSA-frameworks.sh\"\n";
			showEnvVarsInLog = 0;
		};
		3716B5A989A7D7C707BCBFB3 /* [CP] Embed Pods Frameworks */ = {
			isa = PBXShellScriptBuildPhase;
			buildActionMask = 2147483647;
			files = (
			);
			inputPaths = (
			);
			name = "[CP] Embed Pods Frameworks";
			outputPaths = (
			);
			runOnlyForDeploymentPostprocessing = 0;
			shellPath = /bin/sh;
			shellScript = "\"${SRCROOT}/Pods/Target Support Files/Pods-RSATests/Pods-RSATests-frameworks.sh\"\n";
			showEnvVarsInLog = 0;
		};
		90A07ABBEDCBE4D5D5E96348 /* [CP] Copy Pods Resources */ = {
			isa = PBXShellScriptBuildPhase;
			buildActionMask = 2147483647;
			files = (
			);
			inputPaths = (
			);
			name = "[CP] Copy Pods Resources";
			outputPaths = (
			);
			runOnlyForDeploymentPostprocessing = 0;
			shellPath = /bin/sh;
			shellScript = "\"${SRCROOT}/Pods/Target Support Files/Pods-RSATests/Pods-RSATests-resources.sh\"\n";
			showEnvVarsInLog = 0;
		};
		9E6FAD2BEAFC8B406C624D47 /* [CP] Check Pods Manifest.lock */ = {
			isa = PBXShellScriptBuildPhase;
			buildActionMask = 2147483647;
			files = (
			);
			inputPaths = (
				"${PODS_PODFILE_DIR_PATH}/Podfile.lock",
				"${PODS_ROOT}/Manifest.lock",
			);
			name = "[CP] Check Pods Manifest.lock";
			outputPaths = (
				"$(DERIVED_FILE_DIR)/Pods-RSA-checkManifestLockResult.txt",
			);
			runOnlyForDeploymentPostprocessing = 0;
			shellPath = /bin/sh;
			shellScript = "diff \"${PODS_PODFILE_DIR_PATH}/Podfile.lock\" \"${PODS_ROOT}/Manifest.lock\" > /dev/null\nif [ $? != 0 ] ; then\n    # print error to STDERR\n    echo \"error: The sandbox is not in sync with the Podfile.lock. Run 'pod install' or update your CocoaPods installation.\" >&2\n    exit 1\nfi\n# This output is used by Xcode 'outputs' to avoid re-running this script phase.\necho \"SUCCESS\" > \"${SCRIPT_OUTPUT_FILE_0}\"\n";
			showEnvVarsInLog = 0;
		};
/* End PBXShellScriptBuildPhase section */

/* Begin PBXSourcesBuildPhase section */
		A2ABFAFF1EDEEAE800BF4B34 /* Sources */ = {
			isa = PBXSourcesBuildPhase;
			buildActionMask = 2147483647;
			files = (
				A266EEE61F44AAB600B715CF /* BigInt+RSA.swift in Sources */,
				A2ABFB631EE2E76B00BF4B34 /* PublicRSAKey.swift in Sources */,
				A2ABFB551EE2DE5900BF4B34 /* RSAKey.swift in Sources */,
				A2ABFB091EDEEAE800BF4B34 /* ViewController.swift in Sources */,
				A2ABFB651EE2E79800BF4B34 /* Signature.swift in Sources */,
				A2ABFB671EE2EE2B00BF4B34 /* EncryptedMessage.swift in Sources */,
				A2ABFB2F1EE17F8C00BF4B34 /* PBHex.swift in Sources */,
				A2ABFB2D1EDEF34200BF4B34 /* SHA.swift in Sources */,
				A2ABFB2B1EDEEE6D00BF4B34 /* RFC3447.swift in Sources */,
				A2ABFB5B1EE2E35F00BF4B34 /* Asn1Parser.swift in Sources */,
				A2ABFB591EE2E0EB00BF4B34 /* SwiftyRSA.swift in Sources */,
				A266EEE21F40A42E00B715CF /* Number.swift in Sources */,
				A2ABFB571EE2DF2A00BF4B34 /* SwiftyRSAError.swift in Sources */,
				A2ABFB071EDEEAE800BF4B34 /* AppDelegate.swift in Sources */,
				A2ABFB5F1EE2E6E800BF4B34 /* Message.swift in Sources */,
				A2ABFB291EDEEB3800BF4B34 /* NSData+SHA.m in Sources */,
				A2ABFB5D1EE2E68400BF4B34 /* ClearMessage.swift in Sources */,
				A2ABFB611EE2E75100BF4B34 /* PrivateRSAKey.swift in Sources */,
			);
			runOnlyForDeploymentPostprocessing = 0;
		};
		A2ABFB131EDEEAE900BF4B34 /* Sources */ = {
			isa = PBXSourcesBuildPhase;
			buildActionMask = 2147483647;
			files = (
				A2ABFB1C1EDEEAE900BF4B34 /* RSATests.swift in Sources */,
			);
			runOnlyForDeploymentPostprocessing = 0;
		};
/* End PBXSourcesBuildPhase section */

/* Begin PBXTargetDependency section */
		A2ABFB191EDEEAE900BF4B34 /* PBXTargetDependency */ = {
			isa = PBXTargetDependency;
			target = A2ABFB021EDEEAE800BF4B34 /* RSA */;
			targetProxy = A2ABFB181EDEEAE900BF4B34 /* PBXContainerItemProxy */;
		};
/* End PBXTargetDependency section */

/* Begin PBXVariantGroup section */
		A2ABFB0A1EDEEAE800BF4B34 /* Main.storyboard */ = {
			isa = PBXVariantGroup;
			children = (
				A2ABFB0B1EDEEAE800BF4B34 /* Base */,
			);
			name = Main.storyboard;
			sourceTree = "<group>";
		};
		A2ABFB0F1EDEEAE800BF4B34 /* LaunchScreen.storyboard */ = {
			isa = PBXVariantGroup;
			children = (
				A2ABFB101EDEEAE800BF4B34 /* Base */,
			);
			name = LaunchScreen.storyboard;
			sourceTree = "<group>";
		};
/* End PBXVariantGroup section */

/* Begin XCBuildConfiguration section */
		A2ABFB1E1EDEEAE900BF4B34 /* Debug */ = {
			isa = XCBuildConfiguration;
			buildSettings = {
				ALWAYS_SEARCH_USER_PATHS = NO;
				CLANG_ANALYZER_NONNULL = YES;
				CLANG_ANALYZER_NUMBER_OBJECT_CONVERSION = YES_AGGRESSIVE;
				CLANG_CXX_LANGUAGE_STANDARD = "gnu++0x";
				CLANG_CXX_LIBRARY = "libc++";
				CLANG_ENABLE_MODULES = YES;
				CLANG_ENABLE_OBJC_ARC = YES;
				CLANG_WARN_BLOCK_CAPTURE_AUTORELEASING = YES;
				CLANG_WARN_BOOL_CONVERSION = YES;
				CLANG_WARN_COMMA = YES;
				CLANG_WARN_CONSTANT_CONVERSION = YES;
				CLANG_WARN_DIRECT_OBJC_ISA_USAGE = YES_ERROR;
				CLANG_WARN_DOCUMENTATION_COMMENTS = YES;
				CLANG_WARN_EMPTY_BODY = YES;
				CLANG_WARN_ENUM_CONVERSION = YES;
				CLANG_WARN_INFINITE_RECURSION = YES;
				CLANG_WARN_INT_CONVERSION = YES;
				CLANG_WARN_NON_LITERAL_NULL_CONVERSION = YES;
				CLANG_WARN_OBJC_LITERAL_CONVERSION = YES;
				CLANG_WARN_OBJC_ROOT_CLASS = YES_ERROR;
				CLANG_WARN_RANGE_LOOP_ANALYSIS = YES;
				CLANG_WARN_STRICT_PROTOTYPES = YES;
				CLANG_WARN_SUSPICIOUS_MOVE = YES;
				CLANG_WARN_UNREACHABLE_CODE = YES;
				CLANG_WARN__DUPLICATE_METHOD_MATCH = YES;
				"CODE_SIGN_IDENTITY[sdk=iphoneos*]" = "iPhone Developer";
				COPY_PHASE_STRIP = NO;
				DEBUG_INFORMATION_FORMAT = dwarf;
				ENABLE_STRICT_OBJC_MSGSEND = YES;
				ENABLE_TESTABILITY = YES;
				GCC_C_LANGUAGE_STANDARD = gnu99;
				GCC_DYNAMIC_NO_PIC = NO;
				GCC_NO_COMMON_BLOCKS = YES;
				GCC_OPTIMIZATION_LEVEL = 0;
				GCC_PREPROCESSOR_DEFINITIONS = (
					"DEBUG=1",
					"$(inherited)",
				);
				GCC_WARN_64_TO_32_BIT_CONVERSION = YES;
				GCC_WARN_ABOUT_RETURN_TYPE = YES_ERROR;
				GCC_WARN_UNDECLARED_SELECTOR = YES;
				GCC_WARN_UNINITIALIZED_AUTOS = YES_AGGRESSIVE;
				GCC_WARN_UNUSED_FUNCTION = YES;
				GCC_WARN_UNUSED_VARIABLE = YES;
				IPHONEOS_DEPLOYMENT_TARGET = 10.3;
				MTL_ENABLE_DEBUG_INFO = YES;
				ONLY_ACTIVE_ARCH = YES;
				SDKROOT = iphoneos;
				SWIFT_ACTIVE_COMPILATION_CONDITIONS = DEBUG;
				SWIFT_OPTIMIZATION_LEVEL = "-Onone";
			};
			name = Debug;
		};
		A2ABFB1F1EDEEAE900BF4B34 /* Release */ = {
			isa = XCBuildConfiguration;
			buildSettings = {
				ALWAYS_SEARCH_USER_PATHS = NO;
				CLANG_ANALYZER_NONNULL = YES;
				CLANG_ANALYZER_NUMBER_OBJECT_CONVERSION = YES_AGGRESSIVE;
				CLANG_CXX_LANGUAGE_STANDARD = "gnu++0x";
				CLANG_CXX_LIBRARY = "libc++";
				CLANG_ENABLE_MODULES = YES;
				CLANG_ENABLE_OBJC_ARC = YES;
				CLANG_WARN_BLOCK_CAPTURE_AUTORELEASING = YES;
				CLANG_WARN_BOOL_CONVERSION = YES;
				CLANG_WARN_COMMA = YES;
				CLANG_WARN_CONSTANT_CONVERSION = YES;
				CLANG_WARN_DIRECT_OBJC_ISA_USAGE = YES_ERROR;
				CLANG_WARN_DOCUMENTATION_COMMENTS = YES;
				CLANG_WARN_EMPTY_BODY = YES;
				CLANG_WARN_ENUM_CONVERSION = YES;
				CLANG_WARN_INFINITE_RECURSION = YES;
				CLANG_WARN_INT_CONVERSION = YES;
				CLANG_WARN_NON_LITERAL_NULL_CONVERSION = YES;
				CLANG_WARN_OBJC_LITERAL_CONVERSION = YES;
				CLANG_WARN_OBJC_ROOT_CLASS = YES_ERROR;
				CLANG_WARN_RANGE_LOOP_ANALYSIS = YES;
				CLANG_WARN_STRICT_PROTOTYPES = YES;
				CLANG_WARN_SUSPICIOUS_MOVE = YES;
				CLANG_WARN_UNREACHABLE_CODE = YES;
				CLANG_WARN__DUPLICATE_METHOD_MATCH = YES;
				"CODE_SIGN_IDENTITY[sdk=iphoneos*]" = "iPhone Developer";
				COPY_PHASE_STRIP = NO;
				DEBUG_INFORMATION_FORMAT = "dwarf-with-dsym";
				ENABLE_NS_ASSERTIONS = NO;
				ENABLE_STRICT_OBJC_MSGSEND = YES;
				GCC_C_LANGUAGE_STANDARD = gnu99;
				GCC_NO_COMMON_BLOCKS = YES;
				GCC_WARN_64_TO_32_BIT_CONVERSION = YES;
				GCC_WARN_ABOUT_RETURN_TYPE = YES_ERROR;
				GCC_WARN_UNDECLARED_SELECTOR = YES;
				GCC_WARN_UNINITIALIZED_AUTOS = YES_AGGRESSIVE;
				GCC_WARN_UNUSED_FUNCTION = YES;
				GCC_WARN_UNUSED_VARIABLE = YES;
				IPHONEOS_DEPLOYMENT_TARGET = 10.3;
				MTL_ENABLE_DEBUG_INFO = NO;
				SDKROOT = iphoneos;
				SWIFT_OPTIMIZATION_LEVEL = "-Owholemodule";
				VALIDATE_PRODUCT = YES;
			};
			name = Release;
		};
		A2ABFB211EDEEAE900BF4B34 /* Debug */ = {
			isa = XCBuildConfiguration;
			baseConfigurationReference = B6A051541FF109702F5307D9 /* Pods-RSA.debug.xcconfig */;
			buildSettings = {
				ASSETCATALOG_COMPILER_APPICON_NAME = AppIcon;
				CLANG_ENABLE_MODULES = YES;
				DEVELOPMENT_TEAM = WAXDS76BRK;
				INFOPLIST_FILE = RSA/Info.plist;
				LD_RUNPATH_SEARCH_PATHS = "$(inherited) @executable_path/Frameworks";
				PRODUCT_BUNDLE_IDENTIFIER = pebble8888.RSA;
				PRODUCT_NAME = "$(TARGET_NAME)";
				SWIFT_INCLUDE_PATHS = "";
				SWIFT_OBJC_BRIDGING_HEADER = "RSA/RSA-Bridging-Header.h";
				SWIFT_OPTIMIZATION_LEVEL = "-Onone";
				SWIFT_VERSION = 4.0;
			};
			name = Debug;
		};
		A2ABFB221EDEEAE900BF4B34 /* Release */ = {
			isa = XCBuildConfiguration;
			baseConfigurationReference = FF1AB1C1B24142BE8306CD6B /* Pods-RSA.release.xcconfig */;
			buildSettings = {
				ASSETCATALOG_COMPILER_APPICON_NAME = AppIcon;
				CLANG_ENABLE_MODULES = YES;
				DEVELOPMENT_TEAM = WAXDS76BRK;
				INFOPLIST_FILE = RSA/Info.plist;
				LD_RUNPATH_SEARCH_PATHS = "$(inherited) @executable_path/Frameworks";
				PRODUCT_BUNDLE_IDENTIFIER = pebble8888.RSA;
				PRODUCT_NAME = "$(TARGET_NAME)";
				SWIFT_INCLUDE_PATHS = "";
				SWIFT_OBJC_BRIDGING_HEADER = "RSA/RSA-Bridging-Header.h";
				SWIFT_VERSION = 4.0;
			};
			name = Release;
		};
		A2ABFB241EDEEAE900BF4B34 /* Debug */ = {
			isa = XCBuildConfiguration;
			baseConfigurationReference = 180D2387344CC8F9CBD2B3AC /* Pods-RSATests.debug.xcconfig */;
			buildSettings = {
				ALWAYS_EMBED_SWIFT_STANDARD_LIBRARIES = YES;
				BUNDLE_LOADER = "$(TEST_HOST)";
				INFOPLIST_FILE = RSATests/Info.plist;
				LD_RUNPATH_SEARCH_PATHS = "$(inherited) @executable_path/Frameworks @loader_path/Frameworks";
				PRODUCT_BUNDLE_IDENTIFIER = pebble8888.RSATests;
				PRODUCT_NAME = "$(TARGET_NAME)";
				SWIFT_VERSION = 4.0;
				TEST_HOST = "$(BUILT_PRODUCTS_DIR)/RSA.app/RSA";
			};
			name = Debug;
		};
		A2ABFB251EDEEAE900BF4B34 /* Release */ = {
			isa = XCBuildConfiguration;
			baseConfigurationReference = DCC40B0744A0488EF8F972FD /* Pods-RSATests.release.xcconfig */;
			buildSettings = {
				ALWAYS_EMBED_SWIFT_STANDARD_LIBRARIES = YES;
				BUNDLE_LOADER = "$(TEST_HOST)";
				INFOPLIST_FILE = RSATests/Info.plist;
				LD_RUNPATH_SEARCH_PATHS = "$(inherited) @executable_path/Frameworks @loader_path/Frameworks";
				PRODUCT_BUNDLE_IDENTIFIER = pebble8888.RSATests;
				PRODUCT_NAME = "$(TARGET_NAME)";
				SWIFT_VERSION = 4.0;
				TEST_HOST = "$(BUILT_PRODUCTS_DIR)/RSA.app/RSA";
			};
			name = Release;
		};
/* End XCBuildConfiguration section */

/* Begin XCConfigurationList section */
		A2ABFAFE1EDEEAE800BF4B34 /* Build configuration list for PBXProject "RSA" */ = {
			isa = XCConfigurationList;
			buildConfigurations = (
				A2ABFB1E1EDEEAE900BF4B34 /* Debug */,
				A2ABFB1F1EDEEAE900BF4B34 /* Release */,
			);
			defaultConfigurationIsVisible = 0;
			defaultConfigurationName = Release;
		};
		A2ABFB201EDEEAE900BF4B34 /* Build configuration list for PBXNativeTarget "RSA" */ = {
			isa = XCConfigurationList;
			buildConfigurations = (
				A2ABFB211EDEEAE900BF4B34 /* Debug */,
				A2ABFB221EDEEAE900BF4B34 /* Release */,
			);
			defaultConfigurationIsVisible = 0;
			defaultConfigurationName = Release;
		};
		A2ABFB231EDEEAE900BF4B34 /* Build configuration list for PBXNativeTarget "RSATests" */ = {
			isa = XCConfigurationList;
			buildConfigurations = (
				A2ABFB241EDEEAE900BF4B34 /* Debug */,
				A2ABFB251EDEEAE900BF4B34 /* Release */,
			);
			defaultConfigurationIsVisible = 0;
			defaultConfigurationName = Release;
		};
/* End XCConfigurationList section */
	};
	rootObject = A2ABFAFB1EDEEAE800BF4B34 /* Project object */;
}
