// !$*UTF8*$!
{
	archiveVersion = 1;
	classes = {
	};
	objectVersion = 46;
	objects = {

/* Begin PBXBuildFile section */
		A2ABFB071EDEEAE800BF4B34 /* AppDelegate.swift in Sources */ = {isa = PBXBuildFile; fileRef = A2ABFB061EDEEAE800BF4B34 /* AppDelegate.swift */; };
		A2ABFB091EDEEAE800BF4B34 /* ViewController.swift in Sources */ = {isa = PBXBuildFile; fileRef = A2ABFB081EDEEAE800BF4B34 /* ViewController.swift */; };
		A2ABFB0C1EDEEAE800BF4B34 /* Main.storyboard in Resources */ = {isa = PBXBuildFile; fileRef = A2ABFB0A1EDEEAE800BF4B34 /* Main.storyboard */; };
		A2ABFB0E1EDEEAE800BF4B34 /* Assets.xcassets in Resources */ = {isa = PBXBuildFile; fileRef = A2ABFB0D1EDEEAE800BF4B34 /* Assets.xcassets */; };
		A2ABFB111EDEEAE800BF4B34 /* LaunchScreen.storyboard in Resources */ = {isa = PBXBuildFile; fileRef = A2ABFB0F1EDEEAE800BF4B34 /* LaunchScreen.storyboard */; };
		A2ABFB1C1EDEEAE900BF4B34 /* RSATests.swift in Sources */ = {isa = PBXBuildFile; fileRef = A2ABFB1B1EDEEAE900BF4B34 /* RSATests.swift */; };
/* End PBXBuildFile section */

/* Begin PBXContainerItemProxy section */
		A2ABFB181EDEEAE900BF4B34 /* PBXContainerItemProxy */ = {
			isa = PBXContainerItemProxy;
			containerPortal = A2ABFAFB1EDEEAE800BF4B34 /* Project object */;
			proxyType = 1;
			remoteGlobalIDString = A2ABFB021EDEEAE800BF4B34;
			remoteInfo = RSA;
		};
/* End PBXContainerItemProxy section */

/* Begin PBXFileReference section */
		A2ABFB031EDEEAE800BF4B34 /* RSA.app */ = {isa = PBXFileReference; explicitFileType = wrapper.application; includeInIndex = 0; path = RSA.app; sourceTree = BUILT_PRODUCTS_DIR; };
		A2ABFB061EDEEAE800BF4B34 /* AppDelegate.swift */ = {isa = PBXFileReference; lastKnownFileType = sourcecode.swift; path = AppDelegate.swift; sourceTree = "<group>"; };
		A2ABFB081EDEEAE800BF4B34 /* ViewController.swift */ = {isa = PBXFileReference; lastKnownFileType = sourcecode.swift; path = ViewController.swift; sourceTree = "<group>"; };
		A2ABFB0B1EDEEAE800BF4B34 /* Base */ = {isa = PBXFileReference; lastKnownFileType = file.storyboard; name = Base; path = Base.lproj/Main.storyboard; sourceTree = "<group>"; };
		A2ABFB0D1EDEEAE800BF4B34 /* Assets.xcassets */ = {isa = PBXFileReference; lastKnownFileType = folder.assetcatalog; path = Assets.xcassets; sourceTree = "<group>"; };
		A2ABFB101EDEEAE800BF4B34 /* Base */ = {isa = PBXFileReference; lastKnownFileType = file.storyboard; name = Base; path = Base.lproj/LaunchScreen.storyboard; sourceTree = "<group>"; };
		A2ABFB121EDEEAE800BF4B34 /* Info.plist */ = {isa = PBXFileReference; lastKnownFileType = text.plist.xml; path = Info.plist; sourceTree = "<group>"; };
		A2ABFB171EDEEAE900BF4B34 /* RSATests.xctest */ = {isa = PBXFileReference; explicitFileType = wrapper.cfbundle; includeInIndex = 0; path = RSATests.xctest; sourceTree = BUILT_PRODUCTS_DIR; };
		A2ABFB1B1EDEEAE900BF4B34 /* RSATests.swift */ = {isa = PBXFileReference; lastKnownFileType = sourcecode.swift; path = RSATests.swift; sourceTree = "<group>"; };
		A2ABFB1D1EDEEAE900BF4B34 /* Info.plist */ = {isa = PBXFileReference; lastKnownFileType = text.plist.xml; path = Info.plist; sourceTree = "<group>"; };
/* End PBXFileReference section */

/* Begin PBXFrameworksBuildPhase section */
		A2ABFB001EDEEAE800BF4B34 /* Frameworks */ = {
			isa = PBXFrameworksBuildPhase;
			buildActionMask = 2147483647;
			files = (
			);
			runOnlyForDeploymentPostprocessing = 0;
		};
		A2ABFB141EDEEAE900BF4B34 /* Frameworks */ = {
			isa = PBXFrameworksBuildPhase;
			buildActionMask = 2147483647;
			files = (
			);
			runOnlyForDeploymentPostprocessing = 0;
		};
/* End PBXFrameworksBuildPhase section */

/* Begin PBXGroup section */
		A2ABFAFA1EDEEAE800BF4B34 = {
			isa = PBXGroup;
			children = (
				A2ABFB051EDEEAE800BF4B34 /* RSA */,
				A2ABFB1A1EDEEAE900BF4B34 /* RSATests */,
				A2ABFB041EDEEAE800BF4B34 /* Products */,
			);
			sourceTree = "<group>";
		};
		A2ABFB041EDEEAE800BF4B34 /* Products */ = {
			isa = PBXGroup;
			children = (
				A2ABFB031EDEEAE800BF4B34 /* RSA.app */,
				A2ABFB171EDEEAE900BF4B34 /* RSATests.xctest */,
			);
			name = Products;
			sourceTree = "<group>";
		};
		A2ABFB051EDEEAE800BF4B34 /* RSA */ = {
			isa = PBXGroup;
			children = (
				A2ABFB061EDEEAE800BF4B34 /* AppDelegate.swift */,
				A2ABFB081EDEEAE800BF4B34 /* ViewController.swift */,
				A2ABFB0A1EDEEAE800BF4B34 /* Main.storyboard */,
				A2ABFB0D1EDEEAE800BF4B34 /* Assets.xcassets */,
				A2ABFB0F1EDEEAE800BF4B34 /* LaunchScreen.storyboard */,
				A2ABFB121EDEEAE800BF4B34 /* Info.plist */,
			);
			path = RSA;
			sourceTree = "<group>";
		};
		A2ABFB1A1EDEEAE900BF4B34 /* RSATests */ = {
			isa = PBXGroup;
			children = (
				A2ABFB1B1EDEEAE900BF4B34 /* RSATests.swift */,
				A2ABFB1D1EDEEAE900BF4B34 /* Info.plist */,
			);
			path = RSATests;
			sourceTree = "<group>";
		};
/* End PBXGroup section */

/* Begin PBXNativeTarget section */
		A2ABFB021EDEEAE800BF4B34 /* RSA */ = {
			isa = PBXNativeTarget;
			buildConfigurationList = A2ABFB201EDEEAE900BF4B34 /* Build configuration list for PBXNativeTarget "RSA" */;
			buildPhases = (
				A2ABFAFF1EDEEAE800BF4B34 /* Sources */,
				A2ABFB001EDEEAE800BF4B34 /* Frameworks */,
				A2ABFB011EDEEAE800BF4B34 /* Resources */,
			);
			buildRules = (
			);
			dependencies = (
			);
			name = RSA;
			productName = RSA;
			productReference = A2ABFB031EDEEAE800BF4B34 /* RSA.app */;
			productType = "com.apple.product-type.application";
		};
		A2ABFB161EDEEAE900BF4B34 /* RSATests */ = {
			isa = PBXNativeTarget;
			buildConfigurationList = A2ABFB231EDEEAE900BF4B34 /* Build configuration list for PBXNativeTarget "RSATests" */;
			buildPhases = (
				A2ABFB131EDEEAE900BF4B34 /* Sources */,
				A2ABFB141EDEEAE900BF4B34 /* Frameworks */,
				A2ABFB151EDEEAE900BF4B34 /* Resources */,
			);
			buildRules = (
			);
			dependencies = (
				A2ABFB191EDEEAE900BF4B34 /* PBXTargetDependency */,
			);
			name = RSATests;
			productName = RSATests;
			productReference = A2ABFB171EDEEAE900BF4B34 /* RSATests.xctest */;
			productType = "com.apple.product-type.bundle.unit-test";
		};
/* End PBXNativeTarget section */

/* Begin PBXProject section */
		A2ABFAFB1EDEEAE800BF4B34 /* Project object */ = {
			isa = PBXProject;
			attributes = {
				LastSwiftUpdateCheck = 0830;
				LastUpgradeCheck = 0830;
				ORGANIZATIONNAME = pebble8888;
				TargetAttributes = {
					A2ABFB021EDEEAE800BF4B34 = {
						CreatedOnToolsVersion = 8.3.2;
						ProvisioningStyle = Automatic;
					};
					A2ABFB161EDEEAE900BF4B34 = {
						CreatedOnToolsVersion = 8.3.2;
						ProvisioningStyle = Automatic;
						TestTargetID = A2ABFB021EDEEAE800BF4B34;
					};
				};
			};
			buildConfigurationList = A2ABFAFE1EDEEAE800BF4B34 /* Build configuration list for PBXProject "RSA" */;
			compatibilityVersion = "Xcode 3.2";
			developmentRegion = English;
			hasScannedForEncodings = 0;
			knownRegions = (
				en,
				Base,
			);
			mainGroup = A2ABFAFA1EDEEAE800BF4B34;
			productRefGroup = A2ABFB041EDEEAE800BF4B34 /* Products */;
			projectDirPath = "";
			projectRoot = "";
			targets = (
				A2ABFB021EDEEAE800BF4B34 /* RSA */,
				A2ABFB161EDEEAE900BF4B34 /* RSATests */,
			);
		};
/* End PBXProject section */

/* Begin PBXResourcesBuildPhase section */
		A2ABFB011EDEEAE800BF4B34 /* Resources */ = {
			isa = PBXResourcesBuildPhase;
			buildActionMask = 2147483647;
			files = (
				A2ABFB111EDEEAE800BF4B34 /* LaunchScreen.storyboard in Resources */,
				A2ABFB0E1EDEEAE800BF4B34 /* Assets.xcassets in Resources */,
				A2ABFB0C1EDEEAE800BF4B34 /* Main.storyboard in Resources */,
			);
			runOnlyForDeploymentPostprocessing = 0;
		};
		A2ABFB151EDEEAE900BF4B34 /* Resources */ = {
			isa = PBXResourcesBuildPhase;
			buildActionMask = 2147483647;
			files = (
			);
			runOnlyForDeploymentPostprocessing = 0;
		};
/* End PBXResourcesBuildPhase section */

/* Begin PBXSourcesBuildPhase section */
		A2ABFAFF1EDEEAE800BF4B34 /* Sources */ = {
			isa = PBXSourcesBuildPhase;
			buildActionMask = 2147483647;
			files = (
				A2ABFB091EDEEAE800BF4B34 /* ViewController.swift in Sources */,
				A2ABFB071EDEEAE800BF4B34 /* AppDelegate.swift in Sources */,
			);
			runOnlyForDeploymentPostprocessing = 0;
		};
		A2ABFB131EDEEAE900BF4B34 /* Sources */ = {
			isa = PBXSourcesBuildPhase;
			buildActionMask = 2147483647;
			files = (
				A2ABFB1C1EDEEAE900BF4B34 /* RSATests.swift in Sources */,
			);
			runOnlyForDeploymentPostprocessing = 0;
		};
/* End PBXSourcesBuildPhase section */

/* Begin PBXTargetDependency section */
		A2ABFB191EDEEAE900BF4B34 /* PBXTargetDependency */ = {
			isa = PBXTargetDependency;
			target = A2ABFB021EDEEAE800BF4B34 /* RSA */;
			targetProxy = A2ABFB181EDEEAE900BF4B34 /* PBXContainerItemProxy */;
		};
/* End PBXTargetDependency section */

/* Begin PBXVariantGroup section */
		A2ABFB0A1EDEEAE800BF4B34 /* Main.storyboard */ = {
			isa = PBXVariantGroup;
			children = (
				A2ABFB0B1EDEEAE800BF4B34 /* Base */,
			);
			name = Main.storyboard;
			sourceTree = "<group>";
		};
		A2ABFB0F1EDEEAE800BF4B34 /* LaunchScreen.storyboard */ = {
			isa = PBXVariantGroup;
			children = (
				A2ABFB101EDEEAE800BF4B34 /* Base */,
			);
			name = LaunchScreen.storyboard;
			sourceTree = "<group>";
		};
/* End PBXVariantGroup section */

/* Begin XCBuildConfiguration section */
		A2ABFB1E1EDEEAE900BF4B34 /* Debug */ = {
			isa = XCBuildConfiguration;
			buildSettings = {
				ALWAYS_SEARCH_USER_PATHS = NO;
				CLANG_ANALYZER_NONNULL = YES;
				CLANG_ANALYZER_NUMBER_OBJECT_CONVERSION = YES_AGGRESSIVE;
				CLANG_CXX_LANGUAGE_STANDARD = "gnu++0x";
				CLANG_CXX_LIBRARY = "libc++";
				CLANG_ENABLE_MODULES = YES;
				CLANG_ENABLE_OBJC_ARC = YES;
				CLANG_WARN_BOOL_CONVERSION = YES;
				CLANG_WARN_CONSTANT_CONVERSION = YES;
				CLANG_WARN_DIRECT_OBJC_ISA_USAGE = YES_ERROR;
				CLANG_WARN_DOCUMENTATION_COMMENTS = YES;
				CLANG_WARN_EMPTY_BODY = YES;
				CLANG_WARN_ENUM_CONVERSION = YES;
				CLANG_WARN_INFINITE_RECURSION = YES;
				CLANG_WARN_INT_CONVERSION = YES;
				CLANG_WARN_OBJC_ROOT_CLASS = YES_ERROR;
				CLANG_WARN_SUSPICIOUS_MOVE = YES;
				CLANG_WARN_UNREACHABLE_CODE = YES;
				CLANG_WARN__DUPLICATE_METHOD_MATCH = YES;
				"CODE_SIGN_IDENTITY[sdk=iphoneos*]" = "iPhone Developer";
				COPY_PHASE_STRIP = NO;
				DEBUG_INFORMATION_FORMAT = dwarf;
				ENABLE_STRICT_OBJC_MSGSEND = YES;
				ENABLE_TESTABILITY = YES;
				GCC_C_LANGUAGE_STANDARD = gnu99;
				GCC_DYNAMIC_NO_PIC = NO;
				GCC_NO_COMMON_BLOCKS = YES;
				GCC_OPTIMIZATION_LEVEL = 0;
				GCC_PREPROCESSOR_DEFINITIONS = (
					"DEBUG=1",
					"$(inherited)",
				);
				GCC_WARN_64_TO_32_BIT_CONVERSION = YES;
				GCC_WARN_ABOUT_RETURN_TYPE = YES_ERROR;
				GCC_WARN_UNDECLARED_SELECTOR = YES;
				GCC_WARN_UNINITIALIZED_AUTOS = YES_AGGRESSIVE;
				GCC_WARN_UNUSED_FUNCTION = YES;
				GCC_WARN_UNUSED_VARIABLE = YES;
				IPHONEOS_DEPLOYMENT_TARGET = 10.3;
				MTL_ENABLE_DEBUG_INFO = YES;
				ONLY_ACTIVE_ARCH = YES;
				SDKROOT = iphoneos;
				SWIFT_ACTIVE_COMPILATION_CONDITIONS = DEBUG;
				SWIFT_OPTIMIZATION_LEVEL = "-Onone";
			};
			name = Debug;
		};
		A2ABFB1F1EDEEAE900BF4B34 /* Release */ = {
			isa = XCBuildConfiguration;
			buildSettings = {
				ALWAYS_SEARCH_USER_PATHS = NO;
				CLANG_ANALYZER_NONNULL = YES;
				CLANG_ANALYZER_NUMBER_OBJECT_CONVERSION = YES_AGGRESSIVE;
				CLANG_CXX_LANGUAGE_STANDARD = "gnu++0x";
				CLANG_CXX_LIBRARY = "libc++";
				CLANG_ENABLE_MODULES = YES;
				CLANG_ENABLE_OBJC_ARC = YES;
				CLANG_WARN_BOOL_CONVERSION = YES;
				CLANG_WARN_CONSTANT_CONVERSION = YES;
				CLANG_WARN_DIRECT_OBJC_ISA_USAGE = YES_ERROR;
				CLANG_WARN_DOCUMENTATION_COMMENTS = YES;
				CLANG_WARN_EMPTY_BODY = YES;
				CLANG_WARN_ENUM_CONVERSION = YES;
				CLANG_WARN_INFINITE_RECURSION = YES;
				CLANG_WARN_INT_CONVERSION = YES;
				CLANG_WARN_OBJC_ROOT_CLASS = YES_ERROR;
				CLANG_WARN_SUSPICIOUS_MOVE = YES;
				CLANG_WARN_UNREACHABLE_CODE = YES;
				CLANG_WARN__DUPLICATE_METHOD_MATCH = YES;
				"CODE_SIGN_IDENTITY[sdk=iphoneos*]" = "iPhone Developer";
				COPY_PHASE_STRIP = NO;
				DEBUG_INFORMATION_FORMAT = "dwarf-with-dsym";
				ENABLE_NS_ASSERTIONS = NO;
				ENABLE_STRICT_OBJC_MSGSEND = YES;
				GCC_C_LANGUAGE_STANDARD = gnu99;
				GCC_NO_COMMON_BLOCKS = YES;
				GCC_WARN_64_TO_32_BIT_CONVERSION = YES;
				GCC_WARN_ABOUT_RETURN_TYPE = YES_ERROR;
				GCC_WARN_UNDECLARED_SELECTOR = YES;
				GCC_WARN_UNINITIALIZED_AUTOS = YES_AGGRESSIVE;
				GCC_WARN_UNUSED_FUNCTION = YES;
				GCC_WARN_UNUSED_VARIABLE = YES;
				IPHONEOS_DEPLOYMENT_TARGET = 10.3;
				MTL_ENABLE_DEBUG_INFO = NO;
				SDKROOT = iphoneos;
				SWIFT_OPTIMIZATION_LEVEL = "-Owholemodule";
				VALIDATE_PRODUCT = YES;
			};
			name = Release;
		};
		A2ABFB211EDEEAE900BF4B34 /* Debug */ = {
			isa = XCBuildConfiguration;
			buildSettings = {
				ASSETCATALOG_COMPILER_APPICON_NAME = AppIcon;
				INFOPLIST_FILE = RSA/Info.plist;
				LD_RUNPATH_SEARCH_PATHS = "$(inherited) @executable_path/Frameworks";
				PRODUCT_BUNDLE_IDENTIFIER = pebble8888.RSA;
				PRODUCT_NAME = "$(TARGET_NAME)";
				SWIFT_VERSION = 3.0;
			};
			name = Debug;
		};
		A2ABFB221EDEEAE900BF4B34 /* Release */ = {
			isa = XCBuildConfiguration;
			buildSettings = {
				ASSETCATALOG_COMPILER_APPICON_NAME = AppIcon;
				INFOPLIST_FILE = RSA/Info.plist;
				LD_RUNPATH_SEARCH_PATHS = "$(inherited) @executable_path/Frameworks";
				PRODUCT_BUNDLE_IDENTIFIER = pebble8888.RSA;
				PRODUCT_NAME = "$(TARGET_NAME)";
				SWIFT_VERSION = 3.0;
			};
			name = Release;
		};
		A2ABFB241EDEEAE900BF4B34 /* Debug */ = {
			isa = XCBuildConfiguration;
			buildSettings = {
				ALWAYS_EMBED_SWIFT_STANDARD_LIBRARIES = YES;
				BUNDLE_LOADER = "$(TEST_HOST)";
				INFOPLIST_FILE = RSATests/Info.plist;
				LD_RUNPATH_SEARCH_PATHS = "$(inherited) @executable_path/Frameworks @loader_path/Frameworks";
				PRODUCT_BUNDLE_IDENTIFIER = pebble8888.RSATests;
				PRODUCT_NAME = "$(TARGET_NAME)";
				SWIFT_VERSION = 3.0;
				TEST_HOST = "$(BUILT_PRODUCTS_DIR)/RSA.app/RSA";
			};
			name = Debug;
		};
		A2ABFB251EDEEAE900BF4B34 /* Release */ = {
			isa = XCBuildConfiguration;
			buildSettings = {
				ALWAYS_EMBED_SWIFT_STANDARD_LIBRARIES = YES;
				BUNDLE_LOADER = "$(TEST_HOST)";
				INFOPLIST_FILE = RSATests/Info.plist;
				LD_RUNPATH_SEARCH_PATHS = "$(inherited) @executable_path/Frameworks @loader_path/Frameworks";
				PRODUCT_BUNDLE_IDENTIFIER = pebble8888.RSATests;
				PRODUCT_NAME = "$(TARGET_NAME)";
				SWIFT_VERSION = 3.0;
				TEST_HOST = "$(BUILT_PRODUCTS_DIR)/RSA.app/RSA";
			};
			name = Release;
		};
/* End XCBuildConfiguration section */

/* Begin XCConfigurationList section */
		A2ABFAFE1EDEEAE800BF4B34 /* Build configuration list for PBXProject "RSA" */ = {
			isa = XCConfigurationList;
			buildConfigurations = (
				A2ABFB1E1EDEEAE900BF4B34 /* Debug */,
				A2ABFB1F1EDEEAE900BF4B34 /* Release */,
			);
			defaultConfigurationIsVisible = 0;
			defaultConfigurationName = Release;
		};
		A2ABFB201EDEEAE900BF4B34 /* Build configuration list for PBXNativeTarget "RSA" */ = {
			isa = XCConfigurationList;
			buildConfigurations = (
				A2ABFB211EDEEAE900BF4B34 /* Debug */,
				A2ABFB221EDEEAE900BF4B34 /* Release */,
			);
			defaultConfigurationIsVisible = 0;
		};
		A2ABFB231EDEEAE900BF4B34 /* Build configuration list for PBXNativeTarget "RSATests" */ = {
			isa = XCConfigurationList;
			buildConfigurations = (
				A2ABFB241EDEEAE900BF4B34 /* Debug */,
				A2ABFB251EDEEAE900BF4B34 /* Release */,
			);
			defaultConfigurationIsVisible = 0;
		};
/* End XCConfigurationList section */
	};
	rootObject = A2ABFAFB1EDEEAE800BF4B34 /* Project object */;
}
